
Microsoft Visual Studio Solution File, Format Version 12.00
# Visual Studio Version 17
VisualStudioVersion = 17.0.31912.275
MinimumVisualStudioVersion = 10.0.40219.1
Project("{FAE04EC0-301F-11D3-BF4B-00C04F79EFBC}") = "BlazorEcommerce.Server", "BlazorEcommerce\Server\BlazorEcommerce.Server.csproj", "{3C9DEAEC-CFAA-40CF-AD3F-3A2BC5D5BC26}"
EndProject
Project("{FAE04EC0-301F-11D3-BF4B-00C04F79EFBC}") = "BlazorEcommerce.Client", "BlazorEcommerce\Client\BlazorEcommerce.Client.csproj", "{08B3A753-AE65-4E52-9FC9-E7A8ABF05097}"
EndProject
Project("{FAE04EC0-301F-11D3-BF4B-00C04F79EFBC}") = "BlazorEcommerce.Shared", "BlazorEcommerce\Shared\BlazorEcommerce.Shared.csproj", "{22DBA876-F852-4972-8844-203B7FF2F7B2}"
EndProject
Global
	GlobalSection(SolutionConfigurationPlatforms) = preSolution
		Debug|Any CPU = Debug|Any CPU
		Release|Any CPU = Release|Any CPU
	EndGlobalSection
	GlobalSection(ProjectConfigurationPlatforms) = postSolution
		{3C9DEAEC-CFAA-40CF-AD3F-3A2BC5D5BC26}.Debug|Any CPU.ActiveCfg = Debug|Any CPU
		{3C9DEAEC-CFAA-40CF-AD3F-3A2BC5D5BC26}.Debug|Any CPU.Build.0 = Debug|Any CPU
		{3C9DEAEC-CFAA-40CF-AD3F-3A2BC5D5BC26}.Release|Any CPU.ActiveCfg = Release|Any CPU
		{3C9DEAEC-CFAA-40CF-AD3F-3A2BC5D5BC26}.Release|Any CPU.Build.0 = Release|Any CPU
		{08B3A753-AE65-4E52-9FC9-E7A8ABF05097}.Debug|Any CPU.ActiveCfg = Debug|Any CPU
		{08B3A753-AE65-4E52-9FC9-E7A8ABF05097}.Debug|Any CPU.Build.0 = Debug|Any CPU
		{08B3A753-AE65-4E52-9FC9-E7A8ABF05097}.Release|Any CPU.ActiveCfg = Release|Any CPU
		{08B3A753-AE65-4E52-9FC9-E7A8ABF05097}.Release|Any CPU.Build.0 = Release|Any CPU
		{22DBA876-F852-4972-8844-203B7FF2F7B2}.Debug|Any CPU.ActiveCfg = Debug|Any CPU
		{22DBA876-F852-4972-8844-203B7FF2F7B2}.Debug|Any CPU.Build.0 = Debug|Any CPU
		{22DBA876-F852-4972-8844-203B7FF2F7B2}.Release|Any CPU.ActiveCfg = Release|Any CPU
		{22DBA876-F852-4972-8844-203B7FF2F7B2}.Release|Any CPU.Build.0 = Release|Any CPU
	EndGlobalSection
	GlobalSection(SolutionProperties) = preSolution
		HideSolutionNode = FALSE
	EndGlobalSection
	GlobalSection(ExtensibilityGlobals) = postSolution
		SolutionGuid = {A1BFEBAE-5884-4A51-BD8C-9C0EC3388E40}
	EndGlobalSection
EndGlobal
